
Microsoft Visual Studio Solution File, Format Version 12.00
# Visual Studio 14
VisualStudioVersion = 14.0.25420.1
MinimumVisualStudioVersion = 10.0.40219.1
Project("{FAE04EC0-301F-11D3-BF4B-00C04F79EFBC}") = "HomeTask8", "HomeTask8\HomeTask8.csproj", "{EC2EFDEA-360B-415C-82C7-E0E005D4F0C5}"
EndProject
Project("{FAE04EC0-301F-11D3-BF4B-00C04F79EFBC}") = "HomeTask8_Test", "UnitTest\HomeTask8_Test.csproj", "{DCDBCDDC-4C8E-46D8-AE62-480FE40CF28C}"
EndProject
Global
	GlobalSection(SolutionConfigurationPlatforms) = preSolution
		Debug|Any CPU = Debug|Any CPU
		Release|Any CPU = Release|Any CPU
	EndGlobalSection
	GlobalSection(ProjectConfigurationPlatforms) = postSolution
		{EC2EFDEA-360B-415C-82C7-E0E005D4F0C5}.Debug|Any CPU.ActiveCfg = Debug|Any CPU
		{EC2EFDEA-360B-415C-82C7-E0E005D4F0C5}.Debug|Any CPU.Build.0 = Debug|Any CPU
		{EC2EFDEA-360B-415C-82C7-E0E005D4F0C5}.Release|Any CPU.ActiveCfg = Release|Any CPU
		{EC2EFDEA-360B-415C-82C7-E0E005D4F0C5}.Release|Any CPU.Build.0 = Release|Any CPU
		{DCDBCDDC-4C8E-46D8-AE62-480FE40CF28C}.Debug|Any CPU.ActiveCfg = Debug|Any CPU
		{DCDBCDDC-4C8E-46D8-AE62-480FE40CF28C}.Debug|Any CPU.Build.0 = Debug|Any CPU
		{DCDBCDDC-4C8E-46D8-AE62-480FE40CF28C}.Release|Any CPU.ActiveCfg = Release|Any CPU
		{DCDBCDDC-4C8E-46D8-AE62-480FE40CF28C}.Release|Any CPU.Build.0 = Release|Any CPU
	EndGlobalSection
	GlobalSection(SolutionProperties) = preSolution
		HideSolutionNode = FALSE
	EndGlobalSection
EndGlobal
